
Microsoft Visual Studio Solution File, Format Version 12.00
# Visual Studio 15
VisualStudioVersion = 15.0.27004.2008
MinimumVisualStudioVersion = 10.0.40219.1
Project("{2150E333-8FDC-42A3-9474-1A3956D46DE8}") = "1.Model", "1.Model", "{DAD6C1A6-839D-4D72-BD19-A1072B885F51}"
EndProject
Project("{2150E333-8FDC-42A3-9474-1A3956D46DE8}") = "2.Implement", "2.Implement", "{DAD60D89-8F85-4D2C-8836-F96C96AC73E4}"
EndProject
Project("{2150E333-8FDC-42A3-9474-1A3956D46DE8}") = "3.View", "3.View", "{EFA48E5C-75EB-41D3-A6F9-27F2EDA48DFF}"
EndProject
Project("{FAE04EC0-301F-11D3-BF4B-00C04F79EFBC}") = "Commons", "Commons\Commons.csproj", "{6B984009-7032-417B-B55C-D09D83967AC8}"
EndProject
Project("{FAE04EC0-301F-11D3-BF4B-00C04F79EFBC}") = "Controls", "Controls\Controls.csproj", "{5AF8BB72-A587-4387-90D4-D96B0D543CA5}"
EndProject
Project("{FAE04EC0-301F-11D3-BF4B-00C04F79EFBC}") = "Engine", "Engine\Engine.csproj", "{3B2BEB4C-3FEF-4A40-A927-B3A13221761F}"
EndProject
Project("{2150E333-8FDC-42A3-9474-1A3956D46DE8}") = "0.开发文档", "0.开发文档", "{B830FDF4-00A8-43BB-BDC5-362D2BBF2F75}"
	ProjectSection(SolutionItems) = preProject
		开发文档\db.sql = 开发文档\db.sql
	EndProjectSection
EndProject
Project("{FAE04EC0-301F-11D3-BF4B-00C04F79EFBC}") = "Model", "Model\Model.csproj", "{1597411B-EE6A-4814-9E74-863ECCE4D676}"
EndProject
Project("{FAE04EC0-301F-11D3-BF4B-00C04F79EFBC}") = "BLL", "BLL\BLL.csproj", "{F049CBC3-2417-40DF-BDCE-D324B0AED485}"
EndProject
Project("{FAE04EC0-301F-11D3-BF4B-00C04F79EFBC}") = "DAL", "DAL\DAL.csproj", "{F1BBB51C-1ECE-4A17-9AE7-002853BE8FCE}"
EndProject
Project("{FAE04EC0-301F-11D3-BF4B-00C04F79EFBC}") = "DBHelper", "DBHelper\DBHelper.csproj", "{F3355798-2567-4234-B8A9-143C24E80ECD}"
EndProject
Project("{FAE04EC0-301F-11D3-BF4B-00C04F79EFBC}") = "Web", "Web\Web.csproj", "{3A22592E-A8A2-4938-8D47-826CC6B3D750}"
EndProject
Project("{FAE04EC0-301F-11D3-BF4B-00C04F79EFBC}") = "Xcx", "Xcx\Xcx.csproj", "{4FFF963C-47A5-4C06-9858-CA619EC62409}"
EndProject
Global
	GlobalSection(SolutionConfigurationPlatforms) = preSolution
		Debug|Any CPU = Debug|Any CPU
		Debug|x86 = Debug|x86
		Release|Any CPU = Release|Any CPU
		Release|x86 = Release|x86
		Test|Any CPU = Test|Any CPU
		Test|x86 = Test|x86
	EndGlobalSection
	GlobalSection(ProjectConfigurationPlatforms) = postSolution
		{6B984009-7032-417B-B55C-D09D83967AC8}.Debug|Any CPU.ActiveCfg = Debug|Any CPU
		{6B984009-7032-417B-B55C-D09D83967AC8}.Debug|Any CPU.Build.0 = Debug|Any CPU
		{6B984009-7032-417B-B55C-D09D83967AC8}.Debug|x86.ActiveCfg = Debug|Any CPU
		{6B984009-7032-417B-B55C-D09D83967AC8}.Debug|x86.Build.0 = Debug|Any CPU
		{6B984009-7032-417B-B55C-D09D83967AC8}.Release|Any CPU.ActiveCfg = Release|Any CPU
		{6B984009-7032-417B-B55C-D09D83967AC8}.Release|Any CPU.Build.0 = Release|Any CPU
		{6B984009-7032-417B-B55C-D09D83967AC8}.Release|x86.ActiveCfg = Release|Any CPU
		{6B984009-7032-417B-B55C-D09D83967AC8}.Release|x86.Build.0 = Release|Any CPU
		{6B984009-7032-417B-B55C-D09D83967AC8}.Test|Any CPU.ActiveCfg = Release|Any CPU
		{6B984009-7032-417B-B55C-D09D83967AC8}.Test|Any CPU.Build.0 = Release|Any CPU
		{6B984009-7032-417B-B55C-D09D83967AC8}.Test|x86.ActiveCfg = Release|Any CPU
		{6B984009-7032-417B-B55C-D09D83967AC8}.Test|x86.Build.0 = Release|Any CPU
		{5AF8BB72-A587-4387-90D4-D96B0D543CA5}.Debug|Any CPU.ActiveCfg = Debug|Any CPU
		{5AF8BB72-A587-4387-90D4-D96B0D543CA5}.Debug|Any CPU.Build.0 = Debug|Any CPU
		{5AF8BB72-A587-4387-90D4-D96B0D543CA5}.Debug|x86.ActiveCfg = Debug|Any CPU
		{5AF8BB72-A587-4387-90D4-D96B0D543CA5}.Debug|x86.Build.0 = Debug|Any CPU
		{5AF8BB72-A587-4387-90D4-D96B0D543CA5}.Release|Any CPU.ActiveCfg = Release|Any CPU
		{5AF8BB72-A587-4387-90D4-D96B0D543CA5}.Release|Any CPU.Build.0 = Release|Any CPU
		{5AF8BB72-A587-4387-90D4-D96B0D543CA5}.Release|x86.ActiveCfg = Release|Any CPU
		{5AF8BB72-A587-4387-90D4-D96B0D543CA5}.Release|x86.Build.0 = Release|Any CPU
		{5AF8BB72-A587-4387-90D4-D96B0D543CA5}.Test|Any CPU.ActiveCfg = Release|Any CPU
		{5AF8BB72-A587-4387-90D4-D96B0D543CA5}.Test|Any CPU.Build.0 = Release|Any CPU
		{5AF8BB72-A587-4387-90D4-D96B0D543CA5}.Test|x86.ActiveCfg = Release|Any CPU
		{5AF8BB72-A587-4387-90D4-D96B0D543CA5}.Test|x86.Build.0 = Release|Any CPU
		{3B2BEB4C-3FEF-4A40-A927-B3A13221761F}.Debug|Any CPU.ActiveCfg = Debug|Any CPU
		{3B2BEB4C-3FEF-4A40-A927-B3A13221761F}.Debug|Any CPU.Build.0 = Debug|Any CPU
		{3B2BEB4C-3FEF-4A40-A927-B3A13221761F}.Debug|x86.ActiveCfg = Debug|Any CPU
		{3B2BEB4C-3FEF-4A40-A927-B3A13221761F}.Debug|x86.Build.0 = Debug|Any CPU
		{3B2BEB4C-3FEF-4A40-A927-B3A13221761F}.Release|Any CPU.ActiveCfg = Release|Any CPU
		{3B2BEB4C-3FEF-4A40-A927-B3A13221761F}.Release|Any CPU.Build.0 = Release|Any CPU
		{3B2BEB4C-3FEF-4A40-A927-B3A13221761F}.Release|x86.ActiveCfg = Release|Any CPU
		{3B2BEB4C-3FEF-4A40-A927-B3A13221761F}.Release|x86.Build.0 = Release|Any CPU
		{3B2BEB4C-3FEF-4A40-A927-B3A13221761F}.Test|Any CPU.ActiveCfg = Release|Any CPU
		{3B2BEB4C-3FEF-4A40-A927-B3A13221761F}.Test|Any CPU.Build.0 = Release|Any CPU
		{3B2BEB4C-3FEF-4A40-A927-B3A13221761F}.Test|x86.ActiveCfg = Release|Any CPU
		{3B2BEB4C-3FEF-4A40-A927-B3A13221761F}.Test|x86.Build.0 = Release|Any CPU
		{1597411B-EE6A-4814-9E74-863ECCE4D676}.Debug|Any CPU.ActiveCfg = Debug|Any CPU
		{1597411B-EE6A-4814-9E74-863ECCE4D676}.Debug|Any CPU.Build.0 = Debug|Any CPU
		{1597411B-EE6A-4814-9E74-863ECCE4D676}.Debug|x86.ActiveCfg = Debug|Any CPU
		{1597411B-EE6A-4814-9E74-863ECCE4D676}.Debug|x86.Build.0 = Debug|Any CPU
		{1597411B-EE6A-4814-9E74-863ECCE4D676}.Release|Any CPU.ActiveCfg = Release|Any CPU
		{1597411B-EE6A-4814-9E74-863ECCE4D676}.Release|Any CPU.Build.0 = Release|Any CPU
		{1597411B-EE6A-4814-9E74-863ECCE4D676}.Release|x86.ActiveCfg = Release|Any CPU
		{1597411B-EE6A-4814-9E74-863ECCE4D676}.Release|x86.Build.0 = Release|Any CPU
		{1597411B-EE6A-4814-9E74-863ECCE4D676}.Test|Any CPU.ActiveCfg = Release|Any CPU
		{1597411B-EE6A-4814-9E74-863ECCE4D676}.Test|Any CPU.Build.0 = Release|Any CPU
		{1597411B-EE6A-4814-9E74-863ECCE4D676}.Test|x86.ActiveCfg = Release|Any CPU
		{1597411B-EE6A-4814-9E74-863ECCE4D676}.Test|x86.Build.0 = Release|Any CPU
		{F049CBC3-2417-40DF-BDCE-D324B0AED485}.Debug|Any CPU.ActiveCfg = Debug|Any CPU
		{F049CBC3-2417-40DF-BDCE-D324B0AED485}.Debug|Any CPU.Build.0 = Debug|Any CPU
		{F049CBC3-2417-40DF-BDCE-D324B0AED485}.Debug|x86.ActiveCfg = Debug|Any CPU
		{F049CBC3-2417-40DF-BDCE-D324B0AED485}.Debug|x86.Build.0 = Debug|Any CPU
		{F049CBC3-2417-40DF-BDCE-D324B0AED485}.Release|Any CPU.ActiveCfg = Release|Any CPU
		{F049CBC3-2417-40DF-BDCE-D324B0AED485}.Release|Any CPU.Build.0 = Release|Any CPU
		{F049CBC3-2417-40DF-BDCE-D324B0AED485}.Release|x86.ActiveCfg = Release|Any CPU
		{F049CBC3-2417-40DF-BDCE-D324B0AED485}.Release|x86.Build.0 = Release|Any CPU
		{F049CBC3-2417-40DF-BDCE-D324B0AED485}.Test|Any CPU.ActiveCfg = Release|Any CPU
		{F049CBC3-2417-40DF-BDCE-D324B0AED485}.Test|Any CPU.Build.0 = Release|Any CPU
		{F049CBC3-2417-40DF-BDCE-D324B0AED485}.Test|x86.ActiveCfg = Release|Any CPU
		{F049CBC3-2417-40DF-BDCE-D324B0AED485}.Test|x86.Build.0 = Release|Any CPU
		{F1BBB51C-1ECE-4A17-9AE7-002853BE8FCE}.Debug|Any CPU.ActiveCfg = Debug|Any CPU
		{F1BBB51C-1ECE-4A17-9AE7-002853BE8FCE}.Debug|Any CPU.Build.0 = Debug|Any CPU
		{F1BBB51C-1ECE-4A17-9AE7-002853BE8FCE}.Debug|x86.ActiveCfg = Debug|Any CPU
		{F1BBB51C-1ECE-4A17-9AE7-002853BE8FCE}.Debug|x86.Build.0 = Debug|Any CPU
		{F1BBB51C-1ECE-4A17-9AE7-002853BE8FCE}.Release|Any CPU.ActiveCfg = Release|Any CPU
		{F1BBB51C-1ECE-4A17-9AE7-002853BE8FCE}.Release|Any CPU.Build.0 = Release|Any CPU
		{F1BBB51C-1ECE-4A17-9AE7-002853BE8FCE}.Release|x86.ActiveCfg = Release|Any CPU
		{F1BBB51C-1ECE-4A17-9AE7-002853BE8FCE}.Release|x86.Build.0 = Release|Any CPU
		{F1BBB51C-1ECE-4A17-9AE7-002853BE8FCE}.Test|Any CPU.ActiveCfg = Release|Any CPU
		{F1BBB51C-1ECE-4A17-9AE7-002853BE8FCE}.Test|Any CPU.Build.0 = Release|Any CPU
		{F1BBB51C-1ECE-4A17-9AE7-002853BE8FCE}.Test|x86.ActiveCfg = Release|Any CPU
		{F1BBB51C-1ECE-4A17-9AE7-002853BE8FCE}.Test|x86.Build.0 = Release|Any CPU
		{F3355798-2567-4234-B8A9-143C24E80ECD}.Debug|Any CPU.ActiveCfg = Debug|Any CPU
		{F3355798-2567-4234-B8A9-143C24E80ECD}.Debug|Any CPU.Build.0 = Debug|Any CPU
		{F3355798-2567-4234-B8A9-143C24E80ECD}.Debug|x86.ActiveCfg = Debug|Any CPU
		{F3355798-2567-4234-B8A9-143C24E80ECD}.Debug|x86.Build.0 = Debug|Any CPU
		{F3355798-2567-4234-B8A9-143C24E80ECD}.Release|Any CPU.ActiveCfg = Release|Any CPU
		{F3355798-2567-4234-B8A9-143C24E80ECD}.Release|Any CPU.Build.0 = Release|Any CPU
		{F3355798-2567-4234-B8A9-143C24E80ECD}.Release|x86.ActiveCfg = Release|Any CPU
		{F3355798-2567-4234-B8A9-143C24E80ECD}.Release|x86.Build.0 = Release|Any CPU
		{F3355798-2567-4234-B8A9-143C24E80ECD}.Test|Any CPU.ActiveCfg = Release|Any CPU
		{F3355798-2567-4234-B8A9-143C24E80ECD}.Test|Any CPU.Build.0 = Release|Any CPU
		{F3355798-2567-4234-B8A9-143C24E80ECD}.Test|x86.ActiveCfg = Release|Any CPU
		{F3355798-2567-4234-B8A9-143C24E80ECD}.Test|x86.Build.0 = Release|Any CPU
		{3A22592E-A8A2-4938-8D47-826CC6B3D750}.Debug|Any CPU.ActiveCfg = Debug|Any CPU
		{3A22592E-A8A2-4938-8D47-826CC6B3D750}.Debug|Any CPU.Build.0 = Debug|Any CPU
		{3A22592E-A8A2-4938-8D47-826CC6B3D750}.Debug|x86.ActiveCfg = Debug|Any CPU
		{3A22592E-A8A2-4938-8D47-826CC6B3D750}.Debug|x86.Build.0 = Debug|Any CPU
		{3A22592E-A8A2-4938-8D47-826CC6B3D750}.Release|Any CPU.ActiveCfg = Release|Any CPU
		{3A22592E-A8A2-4938-8D47-826CC6B3D750}.Release|Any CPU.Build.0 = Release|Any CPU
		{3A22592E-A8A2-4938-8D47-826CC6B3D750}.Release|x86.ActiveCfg = Release|Any CPU
		{3A22592E-A8A2-4938-8D47-826CC6B3D750}.Release|x86.Build.0 = Release|Any CPU
		{3A22592E-A8A2-4938-8D47-826CC6B3D750}.Test|Any CPU.ActiveCfg = Release|Any CPU
		{3A22592E-A8A2-4938-8D47-826CC6B3D750}.Test|Any CPU.Build.0 = Release|Any CPU
		{3A22592E-A8A2-4938-8D47-826CC6B3D750}.Test|x86.ActiveCfg = Release|Any CPU
		{3A22592E-A8A2-4938-8D47-826CC6B3D750}.Test|x86.Build.0 = Release|Any CPU
		{4FFF963C-47A5-4C06-9858-CA619EC62409}.Debug|Any CPU.ActiveCfg = Debug|Any CPU
		{4FFF963C-47A5-4C06-9858-CA619EC62409}.Debug|Any CPU.Build.0 = Debug|Any CPU
		{4FFF963C-47A5-4C06-9858-CA619EC62409}.Debug|x86.ActiveCfg = Debug|Any CPU
		{4FFF963C-47A5-4C06-9858-CA619EC62409}.Debug|x86.Build.0 = Debug|Any CPU
		{4FFF963C-47A5-4C06-9858-CA619EC62409}.Release|Any CPU.ActiveCfg = Release|Any CPU
		{4FFF963C-47A5-4C06-9858-CA619EC62409}.Release|Any CPU.Build.0 = Release|Any CPU
		{4FFF963C-47A5-4C06-9858-CA619EC62409}.Release|x86.ActiveCfg = Release|Any CPU
		{4FFF963C-47A5-4C06-9858-CA619EC62409}.Release|x86.Build.0 = Release|Any CPU
		{4FFF963C-47A5-4C06-9858-CA619EC62409}.Test|Any CPU.ActiveCfg = Release|Any CPU
		{4FFF963C-47A5-4C06-9858-CA619EC62409}.Test|Any CPU.Build.0 = Release|Any CPU
		{4FFF963C-47A5-4C06-9858-CA619EC62409}.Test|x86.ActiveCfg = Release|Any CPU
		{4FFF963C-47A5-4C06-9858-CA619EC62409}.Test|x86.Build.0 = Release|Any CPU
	EndGlobalSection
	GlobalSection(SolutionProperties) = preSolution
		HideSolutionNode = FALSE
	EndGlobalSection
	GlobalSection(NestedProjects) = preSolution
		{6B984009-7032-417B-B55C-D09D83967AC8} = {DAD60D89-8F85-4D2C-8836-F96C96AC73E4}
		{5AF8BB72-A587-4387-90D4-D96B0D543CA5} = {DAD60D89-8F85-4D2C-8836-F96C96AC73E4}
		{3B2BEB4C-3FEF-4A40-A927-B3A13221761F} = {DAD60D89-8F85-4D2C-8836-F96C96AC73E4}
		{1597411B-EE6A-4814-9E74-863ECCE4D676} = {DAD6C1A6-839D-4D72-BD19-A1072B885F51}
		{F049CBC3-2417-40DF-BDCE-D324B0AED485} = {DAD60D89-8F85-4D2C-8836-F96C96AC73E4}
		{F1BBB51C-1ECE-4A17-9AE7-002853BE8FCE} = {DAD60D89-8F85-4D2C-8836-F96C96AC73E4}
		{F3355798-2567-4234-B8A9-143C24E80ECD} = {DAD60D89-8F85-4D2C-8836-F96C96AC73E4}
		{3A22592E-A8A2-4938-8D47-826CC6B3D750} = {EFA48E5C-75EB-41D3-A6F9-27F2EDA48DFF}
		{4FFF963C-47A5-4C06-9858-CA619EC62409} = {EFA48E5C-75EB-41D3-A6F9-27F2EDA48DFF}
	EndGlobalSection
	GlobalSection(ExtensibilityGlobals) = postSolution
		VisualSVNWorkingCopyRoot = .
		SolutionGuid = {D1431F01-0890-45D2-B9E3-1BD0903B78D3}
	EndGlobalSection
EndGlobal
